
Microsoft Visual Studio Solution File, Format Version 12.00
# Visual Studio Version 17
VisualStudioVersion = 17.0.32112.339
MinimumVisualStudioVersion = 10.0.40219.1
Project("{FAE04EC0-301F-11D3-BF4B-00C04F79EFBC}") = "PROJECT_WEB_02", "PROJECT_WEB_02\PROJECT_WEB_02.csproj", "{0AA15389-6311-4C40-9010-A55844F72468}"
EndProject
Project("{FAE04EC0-301F-11D3-BF4B-00C04F79EFBC}") = "PROJECT_WEB_ADMIN", "PROJECT_WEB_ADMIN\PROJECT_WEB_ADMIN.csproj", "{FDB8D940-84AB-470F-A7A5-C6415F271BD9}"
EndProject
Global
	GlobalSection(SolutionConfigurationPlatforms) = preSolution
		Debug|Any CPU = Debug|Any CPU
		Release|Any CPU = Release|Any CPU
	EndGlobalSection
	GlobalSection(ProjectConfigurationPlatforms) = postSolution
		{0AA15389-6311-4C40-9010-A55844F72468}.Debug|Any CPU.ActiveCfg = Debug|Any CPU
		{0AA15389-6311-4C40-9010-A55844F72468}.Debug|Any CPU.Build.0 = Debug|Any CPU
		{0AA15389-6311-4C40-9010-A55844F72468}.Release|Any CPU.ActiveCfg = Release|Any CPU
		{0AA15389-6311-4C40-9010-A55844F72468}.Release|Any CPU.Build.0 = Release|Any CPU
		{FDB8D940-84AB-470F-A7A5-C6415F271BD9}.Debug|Any CPU.ActiveCfg = Debug|Any CPU
		{FDB8D940-84AB-470F-A7A5-C6415F271BD9}.Debug|Any CPU.Build.0 = Debug|Any CPU
		{FDB8D940-84AB-470F-A7A5-C6415F271BD9}.Release|Any CPU.ActiveCfg = Release|Any CPU
		{FDB8D940-84AB-470F-A7A5-C6415F271BD9}.Release|Any CPU.Build.0 = Release|Any CPU
	EndGlobalSection
	GlobalSection(SolutionProperties) = preSolution
		HideSolutionNode = FALSE
	EndGlobalSection
	GlobalSection(ExtensibilityGlobals) = postSolution
		SolutionGuid = {C7919233-B42A-43DD-8BA1-195C266FF4A3}
	EndGlobalSection
EndGlobal
